// !$*UTF8*$!
{
	archiveVersion = 1;
	classes = {
	};
	objectVersion = 50;
	objects = {

/* Begin PBXBuildFile section */
		28744627235AFC4100E123B1 /* AppDelegate.swift in Sources */ = {isa = PBXBuildFile; fileRef = 28744626235AFC4100E123B1 /* AppDelegate.swift */; };
		28744629235AFC4100E123B1 /* SceneDelegate.swift in Sources */ = {isa = PBXBuildFile; fileRef = 28744628235AFC4100E123B1 /* SceneDelegate.swift */; };
		2874462B235AFC4100E123B1 /* LandmarkDetail.swift in Sources */ = {isa = PBXBuildFile; fileRef = 2874462A235AFC4100E123B1 /* LandmarkDetail.swift */; };
		2874462D235AFC4100E123B1 /* Assets.xcassets in Resources */ = {isa = PBXBuildFile; fileRef = 2874462C235AFC4100E123B1 /* Assets.xcassets */; };
		28744630235AFC4100E123B1 /* Preview Assets.xcassets in Resources */ = {isa = PBXBuildFile; fileRef = 2874462F235AFC4100E123B1 /* Preview Assets.xcassets */; };
		28744633235AFC4100E123B1 /* LaunchScreen.storyboard in Resources */ = {isa = PBXBuildFile; fileRef = 28744631235AFC4100E123B1 /* LaunchScreen.storyboard */; };
		2874463E235AFC4100E123B1 /* LandmarksTests.swift in Sources */ = {isa = PBXBuildFile; fileRef = 2874463D235AFC4100E123B1 /* LandmarksTests.swift */; };
		28744649235AFC4100E123B1 /* LandmarksUITests.swift in Sources */ = {isa = PBXBuildFile; fileRef = 28744648235AFC4100E123B1 /* LandmarksUITests.swift */; };
		28744657235B029F00E123B1 /* CircleImage.swift in Sources */ = {isa = PBXBuildFile; fileRef = 28744656235B029F00E123B1 /* CircleImage.swift */; };
		28744659235B03EE00E123B1 /* MapView.swift in Sources */ = {isa = PBXBuildFile; fileRef = 28744658235B03EE00E123B1 /* MapView.swift */; };
		2874465C235B176D00E123B1 /* Landmark.swift in Sources */ = {isa = PBXBuildFile; fileRef = 2874465B235B176D00E123B1 /* Landmark.swift */; };
		28744662235B196300E123B1 /* landmarkData.json in Resources */ = {isa = PBXBuildFile; fileRef = 28744661235B196300E123B1 /* landmarkData.json */; };
/* End PBXBuildFile section */

/* Begin PBXContainerItemProxy section */
		2874463A235AFC4100E123B1 /* PBXContainerItemProxy */ = {
			isa = PBXContainerItemProxy;
			containerPortal = 2874461B235AFC4100E123B1 /* Project object */;
			proxyType = 1;
			remoteGlobalIDString = 28744622235AFC4100E123B1;
			remoteInfo = Landmarks;
		};
		28744645235AFC4100E123B1 /* PBXContainerItemProxy */ = {
			isa = PBXContainerItemProxy;
			containerPortal = 2874461B235AFC4100E123B1 /* Project object */;
			proxyType = 1;
			remoteGlobalIDString = 28744622235AFC4100E123B1;
			remoteInfo = Landmarks;
		};
/* End PBXContainerItemProxy section */

/* Begin PBXFileReference section */
		28744623235AFC4100E123B1 /* Landmarks.app */ = {isa = PBXFileReference; explicitFileType = wrapper.application; includeInIndex = 0; path = Landmarks.app; sourceTree = BUILT_PRODUCTS_DIR; };
		28744626235AFC4100E123B1 /* AppDelegate.swift */ = {isa = PBXFileReference; lastKnownFileType = sourcecode.swift; path = AppDelegate.swift; sourceTree = "<group>"; };
		28744628235AFC4100E123B1 /* SceneDelegate.swift */ = {isa = PBXFileReference; lastKnownFileType = sourcecode.swift; path = SceneDelegate.swift; sourceTree = "<group>"; };
		2874462A235AFC4100E123B1 /* LandmarkDetail.swift */ = {isa = PBXFileReference; lastKnownFileType = sourcecode.swift; path = LandmarkDetail.swift; sourceTree = "<group>"; };
		2874462C235AFC4100E123B1 /* Assets.xcassets */ = {isa = PBXFileReference; lastKnownFileType = folder.assetcatalog; path = Assets.xcassets; sourceTree = "<group>"; };
		2874462F235AFC4100E123B1 /* Preview Assets.xcassets */ = {isa = PBXFileReference; lastKnownFileType = folder.assetcatalog; path = "Preview Assets.xcassets"; sourceTree = "<group>"; };
		28744632235AFC4100E123B1 /* Base */ = {isa = PBXFileReference; lastKnownFileType = file.storyboard; name = Base; path = Base.lproj/LaunchScreen.storyboard; sourceTree = "<group>"; };
		28744634235AFC4100E123B1 /* Info.plist */ = {isa = PBXFileReference; lastKnownFileType = text.plist.xml; path = Info.plist; sourceTree = "<group>"; };
		28744639235AFC4100E123B1 /* LandmarksTests.xctest */ = {isa = PBXFileReference; explicitFileType = wrapper.cfbundle; includeInIndex = 0; path = LandmarksTests.xctest; sourceTree = BUILT_PRODUCTS_DIR; };
		2874463D235AFC4100E123B1 /* LandmarksTests.swift */ = {isa = PBXFileReference; lastKnownFileType = sourcecode.swift; path = LandmarksTests.swift; sourceTree = "<group>"; };
		2874463F235AFC4100E123B1 /* Info.plist */ = {isa = PBXFileReference; lastKnownFileType = text.plist.xml; path = Info.plist; sourceTree = "<group>"; };
		28744644235AFC4100E123B1 /* LandmarksUITests.xctest */ = {isa = PBXFileReference; explicitFileType = wrapper.cfbundle; includeInIndex = 0; path = LandmarksUITests.xctest; sourceTree = BUILT_PRODUCTS_DIR; };
		28744648235AFC4100E123B1 /* LandmarksUITests.swift */ = {isa = PBXFileReference; lastKnownFileType = sourcecode.swift; path = LandmarksUITests.swift; sourceTree = "<group>"; };
		2874464A235AFC4100E123B1 /* Info.plist */ = {isa = PBXFileReference; lastKnownFileType = text.plist.xml; path = Info.plist; sourceTree = "<group>"; };
		28744656235B029F00E123B1 /* CircleImage.swift */ = {isa = PBXFileReference; lastKnownFileType = sourcecode.swift; path = CircleImage.swift; sourceTree = "<group>"; };
		28744658235B03EE00E123B1 /* MapView.swift */ = {isa = PBXFileReference; lastKnownFileType = sourcecode.swift; path = MapView.swift; sourceTree = "<group>"; };
		2874465B235B176D00E123B1 /* Landmark.swift */ = {isa = PBXFileReference; lastKnownFileType = sourcecode.swift; path = Landmark.swift; sourceTree = "<group>"; };
		28744661235B196300E123B1 /* landmarkData.json */ = {isa = PBXFileReference; fileEncoding = 4; lastKnownFileType = text.json; path = landmarkData.json; sourceTree = "<group>"; };
/* End PBXFileReference section */

/* Begin PBXFrameworksBuildPhase section */
		28744620235AFC4100E123B1 /* Frameworks */ = {
			isa = PBXFrameworksBuildPhase;
			buildActionMask = 2147483647;
			files = (
			);
			runOnlyForDeploymentPostprocessing = 0;
		};
		28744636235AFC4100E123B1 /* Frameworks */ = {
			isa = PBXFrameworksBuildPhase;
			buildActionMask = 2147483647;
			files = (
			);
			runOnlyForDeploymentPostprocessing = 0;
		};
		28744641235AFC4100E123B1 /* Frameworks */ = {
			isa = PBXFrameworksBuildPhase;
			buildActionMask = 2147483647;
			files = (
			);
			runOnlyForDeploymentPostprocessing = 0;
		};
/* End PBXFrameworksBuildPhase section */

/* Begin PBXGroup section */
		2874461A235AFC4100E123B1 = {
			isa = PBXGroup;
			children = (
				28744625235AFC4100E123B1 /* Landmarks */,
				2874463C235AFC4100E123B1 /* LandmarksTests */,
				28744647235AFC4100E123B1 /* LandmarksUITests */,
				28744624235AFC4100E123B1 /* Products */,
			);
			sourceTree = "<group>";
		};
		28744624235AFC4100E123B1 /* Products */ = {
			isa = PBXGroup;
			children = (
				28744623235AFC4100E123B1 /* Landmarks.app */,
				28744639235AFC4100E123B1 /* LandmarksTests.xctest */,
				28744644235AFC4100E123B1 /* LandmarksUITests.xctest */,
			);
			name = Products;
			sourceTree = "<group>";
		};
		28744625235AFC4100E123B1 /* Landmarks */ = {
			isa = PBXGroup;
			children = (
				28744660235B194100E123B1 /* Resources */,
				2874465A235B174700E123B1 /* Models */,
				28744626235AFC4100E123B1 /* AppDelegate.swift */,
				28744628235AFC4100E123B1 /* SceneDelegate.swift */,
				2874462A235AFC4100E123B1 /* LandmarkDetail.swift */,
				28744656235B029F00E123B1 /* CircleImage.swift */,
				28744658235B03EE00E123B1 /* MapView.swift */,
				2874462C235AFC4100E123B1 /* Assets.xcassets */,
				28744631235AFC4100E123B1 /* LaunchScreen.storyboard */,
				28744634235AFC4100E123B1 /* Info.plist */,
				2874462E235AFC4100E123B1 /* Preview Content */,
			);
			path = Landmarks;
			sourceTree = "<group>";
		};
		2874462E235AFC4100E123B1 /* Preview Content */ = {
			isa = PBXGroup;
			children = (
				2874462F235AFC4100E123B1 /* Preview Assets.xcassets */,
			);
			path = "Preview Content";
			sourceTree = "<group>";
		};
		2874463C235AFC4100E123B1 /* LandmarksTests */ = {
			isa = PBXGroup;
			children = (
				2874463D235AFC4100E123B1 /* LandmarksTests.swift */,
				2874463F235AFC4100E123B1 /* Info.plist */,
			);
			path = LandmarksTests;
			sourceTree = "<group>";
		};
		28744647235AFC4100E123B1 /* LandmarksUITests */ = {
			isa = PBXGroup;
			children = (
				28744648235AFC4100E123B1 /* LandmarksUITests.swift */,
				2874464A235AFC4100E123B1 /* Info.plist */,
			);
			path = LandmarksUITests;
			sourceTree = "<group>";
		};
		2874465A235B174700E123B1 /* Models */ = {
			isa = PBXGroup;
			children = (
				2874465B235B176D00E123B1 /* Landmark.swift */,
			);
			path = Models;
			sourceTree = "<group>";
		};
		28744660235B194100E123B1 /* Resources */ = {
			isa = PBXGroup;
			children = (
				28744661235B196300E123B1 /* landmarkData.json */,
			);
			path = Resources;
			sourceTree = "<group>";
		};
/* End PBXGroup section */

/* Begin PBXNativeTarget section */
		28744622235AFC4100E123B1 /* Landmarks */ = {
			isa = PBXNativeTarget;
			buildConfigurationList = 2874464D235AFC4100E123B1 /* Build configuration list for PBXNativeTarget "Landmarks" */;
			buildPhases = (
				2874461F235AFC4100E123B1 /* Sources */,
				28744620235AFC4100E123B1 /* Frameworks */,
				28744621235AFC4100E123B1 /* Resources */,
			);
			buildRules = (
			);
			dependencies = (
			);
			name = Landmarks;
			productName = Landmarks;
			productReference = 28744623235AFC4100E123B1 /* Landmarks.app */;
			productType = "com.apple.product-type.application";
		};
		28744638235AFC4100E123B1 /* LandmarksTests */ = {
			isa = PBXNativeTarget;
			buildConfigurationList = 28744650235AFC4100E123B1 /* Build configuration list for PBXNativeTarget "LandmarksTests" */;
			buildPhases = (
				28744635235AFC4100E123B1 /* Sources */,
				28744636235AFC4100E123B1 /* Frameworks */,
				28744637235AFC4100E123B1 /* Resources */,
			);
			buildRules = (
			);
			dependencies = (
				2874463B235AFC4100E123B1 /* PBXTargetDependency */,
			);
			name = LandmarksTests;
			productName = LandmarksTests;
			productReference = 28744639235AFC4100E123B1 /* LandmarksTests.xctest */;
			productType = "com.apple.product-type.bundle.unit-test";
		};
		28744643235AFC4100E123B1 /* LandmarksUITests */ = {
			isa = PBXNativeTarget;
			buildConfigurationList = 28744653235AFC4100E123B1 /* Build configuration list for PBXNativeTarget "LandmarksUITests" */;
			buildPhases = (
				28744640235AFC4100E123B1 /* Sources */,
				28744641235AFC4100E123B1 /* Frameworks */,
				28744642235AFC4100E123B1 /* Resources */,
			);
			buildRules = (
			);
			dependencies = (
				28744646235AFC4100E123B1 /* PBXTargetDependency */,
			);
			name = LandmarksUITests;
			productName = LandmarksUITests;
			productReference = 28744644235AFC4100E123B1 /* LandmarksUITests.xctest */;
			productType = "com.apple.product-type.bundle.ui-testing";
		};
/* End PBXNativeTarget section */

/* Begin PBXProject section */
		2874461B235AFC4100E123B1 /* Project object */ = {
			isa = PBXProject;
			attributes = {
				LastSwiftUpdateCheck = 1110;
				LastUpgradeCheck = 1110;
				ORGANIZATIONNAME = "masaru kojo";
				TargetAttributes = {
					28744622235AFC4100E123B1 = {
						CreatedOnToolsVersion = 11.1;
					};
					28744638235AFC4100E123B1 = {
						CreatedOnToolsVersion = 11.1;
						TestTargetID = 28744622235AFC4100E123B1;
					};
					28744643235AFC4100E123B1 = {
						CreatedOnToolsVersion = 11.1;
						TestTargetID = 28744622235AFC4100E123B1;
					};
				};
			};
			buildConfigurationList = 2874461E235AFC4100E123B1 /* Build configuration list for PBXProject "Landmarks" */;
			compatibilityVersion = "Xcode 9.3";
			developmentRegion = en;
			hasScannedForEncodings = 0;
			knownRegions = (
				en,
				Base,
			);
			mainGroup = 2874461A235AFC4100E123B1;
			productRefGroup = 28744624235AFC4100E123B1 /* Products */;
			projectDirPath = "";
			projectRoot = "";
			targets = (
				28744622235AFC4100E123B1 /* Landmarks */,
				28744638235AFC4100E123B1 /* LandmarksTests */,
				28744643235AFC4100E123B1 /* LandmarksUITests */,
			);
		};
/* End PBXProject section */

/* Begin PBXResourcesBuildPhase section */
		28744621235AFC4100E123B1 /* Resources */ = {
			isa = PBXResourcesBuildPhase;
			buildActionMask = 2147483647;
			files = (
				28744633235AFC4100E123B1 /* LaunchScreen.storyboard in Resources */,
				28744662235B196300E123B1 /* landmarkData.json in Resources */,
				28744630235AFC4100E123B1 /* Preview Assets.xcassets in Resources */,
				2874462D235AFC4100E123B1 /* Assets.xcassets in Resources */,
			);
			runOnlyForDeploymentPostprocessing = 0;
		};
		28744637235AFC4100E123B1 /* Resources */ = {
			isa = PBXResourcesBuildPhase;
			buildActionMask = 2147483647;
			files = (
			);
			runOnlyForDeploymentPostprocessing = 0;
		};
		28744642235AFC4100E123B1 /* Resources */ = {
			isa = PBXResourcesBuildPhase;
			buildActionMask = 2147483647;
			files = (
			);
			runOnlyForDeploymentPostprocessing = 0;
		};
/* End PBXResourcesBuildPhase section */

/* Begin PBXSourcesBuildPhase section */
		2874461F235AFC4100E123B1 /* Sources */ = {
			isa = PBXSourcesBuildPhase;
			buildActionMask = 2147483647;
			files = (
				28744627235AFC4100E123B1 /* AppDelegate.swift in Sources */,
				28744657235B029F00E123B1 /* CircleImage.swift in Sources */,
				28744659235B03EE00E123B1 /* MapView.swift in Sources */,
				28744629235AFC4100E123B1 /* SceneDelegate.swift in Sources */,
				2874462B235AFC4100E123B1 /* LandmarkDetail.swift in Sources */,
				2874465C235B176D00E123B1 /* Landmark.swift in Sources */,
			);
			runOnlyForDeploymentPostprocessing = 0;
		};
		28744635235AFC4100E123B1 /* Sources */ = {
			isa = PBXSourcesBuildPhase;
			buildActionMask = 2147483647;
			files = (
				2874463E235AFC4100E123B1 /* LandmarksTests.swift in Sources */,
			);
			runOnlyForDeploymentPostprocessing = 0;
		};
		28744640235AFC4100E123B1 /* Sources */ = {
			isa = PBXSourcesBuildPhase;
			buildActionMask = 2147483647;
			files = (
				28744649235AFC4100E123B1 /* LandmarksUITests.swift in Sources */,
			);
			runOnlyForDeploymentPostprocessing = 0;
		};
/* End PBXSourcesBuildPhase section */

/* Begin PBXTargetDependency section */
		2874463B235AFC4100E123B1 /* PBXTargetDependency */ = {
			isa = PBXTargetDependency;
			target = 28744622235AFC4100E123B1 /* Landmarks */;
			targetProxy = 2874463A235AFC4100E123B1 /* PBXContainerItemProxy */;
		};
		28744646235AFC4100E123B1 /* PBXTargetDependency */ = {
			isa = PBXTargetDependency;
			target = 28744622235AFC4100E123B1 /* Landmarks */;
			targetProxy = 28744645235AFC4100E123B1 /* PBXContainerItemProxy */;
		};
/* End PBXTargetDependency section */

/* Begin PBXVariantGroup section */
		28744631235AFC4100E123B1 /* LaunchScreen.storyboard */ = {
			isa = PBXVariantGroup;
			children = (
				28744632235AFC4100E123B1 /* Base */,
			);
			name = LaunchScreen.storyboard;
			sourceTree = "<group>";
		};
/* End PBXVariantGroup section */

/* Begin XCBuildConfiguration section */
		2874464B235AFC4100E123B1 /* Debug */ = {
			isa = XCBuildConfiguration;
			buildSettings = {
				ALWAYS_SEARCH_USER_PATHS = NO;
				CLANG_ANALYZER_NONNULL = YES;
				CLANG_ANALYZER_NUMBER_OBJECT_CONVERSION = YES_AGGRESSIVE;
				CLANG_CXX_LANGUAGE_STANDARD = "gnu++14";
				CLANG_CXX_LIBRARY = "libc++";
				CLANG_ENABLE_MODULES = YES;
				CLANG_ENABLE_OBJC_ARC = YES;
				CLANG_ENABLE_OBJC_WEAK = YES;
				CLANG_WARN_BLOCK_CAPTURE_AUTORELEASING = YES;
				CLANG_WARN_BOOL_CONVERSION = YES;
				CLANG_WARN_COMMA = YES;
				CLANG_WARN_CONSTANT_CONVERSION = YES;
				CLANG_WARN_DEPRECATED_OBJC_IMPLEMENTATIONS = YES;
				CLANG_WARN_DIRECT_OBJC_ISA_USAGE = YES_ERROR;
				CLANG_WARN_DOCUMENTATION_COMMENTS = YES;
				CLANG_WARN_EMPTY_BODY = YES;
				CLANG_WARN_ENUM_CONVERSION = YES;
				CLANG_WARN_INFINITE_RECURSION = YES;
				CLANG_WARN_INT_CONVERSION = YES;
				CLANG_WARN_NON_LITERAL_NULL_CONVERSION = YES;
				CLANG_WARN_OBJC_IMPLICIT_RETAIN_SELF = YES;
				CLANG_WARN_OBJC_LITERAL_CONVERSION = YES;
				CLANG_WARN_OBJC_ROOT_CLASS = YES_ERROR;
				CLANG_WARN_RANGE_LOOP_ANALYSIS = YES;
				CLANG_WARN_STRICT_PROTOTYPES = YES;
				CLANG_WARN_SUSPICIOUS_MOVE = YES;
				CLANG_WARN_UNGUARDED_AVAILABILITY = YES_AGGRESSIVE;
				CLANG_WARN_UNREACHABLE_CODE = YES;
				CLANG_WARN__DUPLICATE_METHOD_MATCH = YES;
				COPY_PHASE_STRIP = NO;
				DEBUG_INFORMATION_FORMAT = dwarf;
				ENABLE_STRICT_OBJC_MSGSEND = YES;
				ENABLE_TESTABILITY = YES;
				GCC_C_LANGUAGE_STANDARD = gnu11;
				GCC_DYNAMIC_NO_PIC = NO;
				GCC_NO_COMMON_BLOCKS = YES;
				GCC_OPTIMIZATION_LEVEL = 0;
				GCC_PREPROCESSOR_DEFINITIONS = (
					"DEBUG=1",
					"$(inherited)",
				);
				GCC_WARN_64_TO_32_BIT_CONVERSION = YES;
				GCC_WARN_ABOUT_RETURN_TYPE = YES_ERROR;
				GCC_WARN_UNDECLARED_SELECTOR = YES;
				GCC_WARN_UNINITIALIZED_AUTOS = YES_AGGRESSIVE;
				GCC_WARN_UNUSED_FUNCTION = YES;
				GCC_WARN_UNUSED_VARIABLE = YES;
				IPHONEOS_DEPLOYMENT_TARGET = 13.1;
				MTL_ENABLE_DEBUG_INFO = INCLUDE_SOURCE;
				MTL_FAST_MATH = YES;
				ONLY_ACTIVE_ARCH = YES;
				SDKROOT = iphoneos;
				SWIFT_ACTIVE_COMPILATION_CONDITIONS = DEBUG;
				SWIFT_OPTIMIZATION_LEVEL = "-Onone";
			};
			name = Debug;
		};
		2874464C235AFC4100E123B1 /* Release */ = {
			isa = XCBuildConfiguration;
			buildSettings = {
				ALWAYS_SEARCH_USER_PATHS = NO;
				CLANG_ANALYZER_NONNULL = YES;
				CLANG_ANALYZER_NUMBER_OBJECT_CONVERSION = YES_AGGRESSIVE;
				CLANG_CXX_LANGUAGE_STANDARD = "gnu++14";
				CLANG_CXX_LIBRARY = "libc++";
				CLANG_ENABLE_MODULES = YES;
				CLANG_ENABLE_OBJC_ARC = YES;
				CLANG_ENABLE_OBJC_WEAK = YES;
				CLANG_WARN_BLOCK_CAPTURE_AUTORELEASING = YES;
				CLANG_WARN_BOOL_CONVERSION = YES;
				CLANG_WARN_COMMA = YES;
				CLANG_WARN_CONSTANT_CONVERSION = YES;
				CLANG_WARN_DEPRECATED_OBJC_IMPLEMENTATIONS = YES;
				CLANG_WARN_DIRECT_OBJC_ISA_USAGE = YES_ERROR;
				CLANG_WARN_DOCUMENTATION_COMMENTS = YES;
				CLANG_WARN_EMPTY_BODY = YES;
				CLANG_WARN_ENUM_CONVERSION = YES;
				CLANG_WARN_INFINITE_RECURSION = YES;
				CLANG_WARN_INT_CONVERSION = YES;
				CLANG_WARN_NON_LITERAL_NULL_CONVERSION = YES;
				CLANG_WARN_OBJC_IMPLICIT_RETAIN_SELF = YES;
				CLANG_WARN_OBJC_LITERAL_CONVERSION = YES;
				CLANG_WARN_OBJC_ROOT_CLASS = YES_ERROR;
				CLANG_WARN_RANGE_LOOP_ANALYSIS = YES;
				CLANG_WARN_STRICT_PROTOTYPES = YES;
				CLANG_WARN_SUSPICIOUS_MOVE = YES;
				CLANG_WARN_UNGUARDED_AVAILABILITY = YES_AGGRESSIVE;
				CLANG_WARN_UNREACHABLE_CODE = YES;
				CLANG_WARN__DUPLICATE_METHOD_MATCH = YES;
				COPY_PHASE_STRIP = NO;
				DEBUG_INFORMATION_FORMAT = "dwarf-with-dsym";
				ENABLE_NS_ASSERTIONS = NO;
				ENABLE_STRICT_OBJC_MSGSEND = YES;
				GCC_C_LANGUAGE_STANDARD = gnu11;
				GCC_NO_COMMON_BLOCKS = YES;
				GCC_WARN_64_TO_32_BIT_CONVERSION = YES;
				GCC_WARN_ABOUT_RETURN_TYPE = YES_ERROR;
				GCC_WARN_UNDECLARED_SELECTOR = YES;
				GCC_WARN_UNINITIALIZED_AUTOS = YES_AGGRESSIVE;
				GCC_WARN_UNUSED_FUNCTION = YES;
				GCC_WARN_UNUSED_VARIABLE = YES;
				IPHONEOS_DEPLOYMENT_TARGET = 13.1;
				MTL_ENABLE_DEBUG_INFO = NO;
				MTL_FAST_MATH = YES;
				SDKROOT = iphoneos;
				SWIFT_COMPILATION_MODE = wholemodule;
				SWIFT_OPTIMIZATION_LEVEL = "-O";
				VALIDATE_PRODUCT = YES;
			};
			name = Release;
		};
		2874464E235AFC4100E123B1 /* Debug */ = {
			isa = XCBuildConfiguration;
			buildSettings = {
				ASSETCATALOG_COMPILER_APPICON_NAME = AppIcon;
				CODE_SIGN_STYLE = Automatic;
				DEVELOPMENT_ASSET_PATHS = "\"Landmarks/Preview Content\"";
				DEVELOPMENT_TEAM = TNDF3S7H5K;
				ENABLE_PREVIEWS = YES;
				INFOPLIST_FILE = Landmarks/Info.plist;
				LD_RUNPATH_SEARCH_PATHS = (
					"$(inherited)",
					"@executable_path/Frameworks",
				);
				PRODUCT_BUNDLE_IDENTIFIER = me.kojoma.Landmarks;
				PRODUCT_NAME = "$(TARGET_NAME)";
				SWIFT_VERSION = 5.0;
				TARGETED_DEVICE_FAMILY = "1,2";
			};
			name = Debug;
		};
		2874464F235AFC4100E123B1 /* Release */ = {
			isa = XCBuildConfiguration;
			buildSettings = {
				ASSETCATALOG_COMPILER_APPICON_NAME = AppIcon;
				CODE_SIGN_STYLE = Automatic;
				DEVELOPMENT_ASSET_PATHS = "\"Landmarks/Preview Content\"";
				DEVELOPMENT_TEAM = TNDF3S7H5K;
				ENABLE_PREVIEWS = YES;
				INFOPLIST_FILE = Landmarks/Info.plist;
				LD_RUNPATH_SEARCH_PATHS = (
					"$(inherited)",
					"@executable_path/Frameworks",
				);
				PRODUCT_BUNDLE_IDENTIFIER = me.kojoma.Landmarks;
				PRODUCT_NAME = "$(TARGET_NAME)";
				SWIFT_VERSION = 5.0;
				TARGETED_DEVICE_FAMILY = "1,2";
			};
			name = Release;
		};
		28744651235AFC4100E123B1 /* Debug */ = {
			isa = XCBuildConfiguration;
			buildSettings = {
				ALWAYS_EMBED_SWIFT_STANDARD_LIBRARIES = YES;
				BUNDLE_LOADER = "$(TEST_HOST)";
				CODE_SIGN_STYLE = Automatic;
				DEVELOPMENT_TEAM = TNDF3S7H5K;
				INFOPLIST_FILE = LandmarksTests/Info.plist;
				IPHONEOS_DEPLOYMENT_TARGET = 13.1;
				LD_RUNPATH_SEARCH_PATHS = (
					"$(inherited)",
					"@executable_path/Frameworks",
					"@loader_path/Frameworks",
				);
				PRODUCT_BUNDLE_IDENTIFIER = me.kojoma.LandmarksTests;
				PRODUCT_NAME = "$(TARGET_NAME)";
				SWIFT_VERSION = 5.0;
				TARGETED_DEVICE_FAMILY = "1,2";
				TEST_HOST = "$(BUILT_PRODUCTS_DIR)/Landmarks.app/Landmarks";
			};
			name = Debug;
		};
		28744652235AFC4100E123B1 /* Release */ = {
			isa = XCBuildConfiguration;
			buildSettings = {
				ALWAYS_EMBED_SWIFT_STANDARD_LIBRARIES = YES;
				BUNDLE_LOADER = "$(TEST_HOST)";
				CODE_SIGN_STYLE = Automatic;
				DEVELOPMENT_TEAM = TNDF3S7H5K;
				INFOPLIST_FILE = LandmarksTests/Info.plist;
				IPHONEOS_DEPLOYMENT_TARGET = 13.1;
				LD_RUNPATH_SEARCH_PATHS = (
					"$(inherited)",
					"@executable_path/Frameworks",
					"@loader_path/Frameworks",
				);
				PRODUCT_BUNDLE_IDENTIFIER = me.kojoma.LandmarksTests;
				PRODUCT_NAME = "$(TARGET_NAME)";
				SWIFT_VERSION = 5.0;
				TARGETED_DEVICE_FAMILY = "1,2";
				TEST_HOST = "$(BUILT_PRODUCTS_DIR)/Landmarks.app/Landmarks";
			};
			name = Release;
		};
		28744654235AFC4100E123B1 /* Debug */ = {
			isa = XCBuildConfiguration;
			buildSettings = {
				ALWAYS_EMBED_SWIFT_STANDARD_LIBRARIES = YES;
				CODE_SIGN_STYLE = Automatic;
				DEVELOPMENT_TEAM = TNDF3S7H5K;
				INFOPLIST_FILE = LandmarksUITests/Info.plist;
				LD_RUNPATH_SEARCH_PATHS = (
					"$(inherited)",
					"@executable_path/Frameworks",
					"@loader_path/Frameworks",
				);
				PRODUCT_BUNDLE_IDENTIFIER = me.kojoma.LandmarksUITests;
				PRODUCT_NAME = "$(TARGET_NAME)";
				SWIFT_VERSION = 5.0;
				TARGETED_DEVICE_FAMILY = "1,2";
				TEST_TARGET_NAME = Landmarks;
			};
			name = Debug;
		};
		28744655235AFC4100E123B1 /* Release */ = {
			isa = XCBuildConfiguration;
			buildSettings = {
				ALWAYS_EMBED_SWIFT_STANDARD_LIBRARIES = YES;
				CODE_SIGN_STYLE = Automatic;
				DEVELOPMENT_TEAM = TNDF3S7H5K;
				INFOPLIST_FILE = LandmarksUITests/Info.plist;
				LD_RUNPATH_SEARCH_PATHS = (
					"$(inherited)",
					"@executable_path/Frameworks",
					"@loader_path/Frameworks",
				);
				PRODUCT_BUNDLE_IDENTIFIER = me.kojoma.LandmarksUITests;
				PRODUCT_NAME = "$(TARGET_NAME)";
				SWIFT_VERSION = 5.0;
				TARGETED_DEVICE_FAMILY = "1,2";
				TEST_TARGET_NAME = Landmarks;
			};
			name = Release;
		};
/* End XCBuildConfiguration section */

/* Begin XCConfigurationList section */
		2874461E235AFC4100E123B1 /* Build configuration list for PBXProject "Landmarks" */ = {
			isa = XCConfigurationList;
			buildConfigurations = (
				2874464B235AFC4100E123B1 /* Debug */,
				2874464C235AFC4100E123B1 /* Release */,
			);
			defaultConfigurationIsVisible = 0;
			defaultConfigurationName = Release;
		};
		2874464D235AFC4100E123B1 /* Build configuration list for PBXNativeTarget "Landmarks" */ = {
			isa = XCConfigurationList;
			buildConfigurations = (
				2874464E235AFC4100E123B1 /* Debug */,
				2874464F235AFC4100E123B1 /* Release */,
			);
			defaultConfigurationIsVisible = 0;
			defaultConfigurationName = Release;
		};
		28744650235AFC4100E123B1 /* Build configuration list for PBXNativeTarget "LandmarksTests" */ = {
			isa = XCConfigurationList;
			buildConfigurations = (
				28744651235AFC4100E123B1 /* Debug */,
				28744652235AFC4100E123B1 /* Release */,
			);
			defaultConfigurationIsVisible = 0;
			defaultConfigurationName = Release;
		};
		28744653235AFC4100E123B1 /* Build configuration list for PBXNativeTarget "LandmarksUITests" */ = {
			isa = XCConfigurationList;
			buildConfigurations = (
				28744654235AFC4100E123B1 /* Debug */,
				28744655235AFC4100E123B1 /* Release */,
			);
			defaultConfigurationIsVisible = 0;
			defaultConfigurationName = Release;
		};
/* End XCConfigurationList section */
	};
	rootObject = 2874461B235AFC4100E123B1 /* Project object */;
}
